
Microsoft Visual Studio Solution File, Format Version 12.00
# Visual Studio 2012
Project("{FAE04EC0-301F-11D3-BF4B-00C04F79EFBC}") = "NServiceBus.Persistence.EntityFramework", "NServiceBus.Persistence.EntityFramework\NServiceBus.Persistence.EntityFramework.csproj", "{132AC667-77D3-4B1B-BDBA-CEEDF8AAFF56}"
EndProject
Project("{FAE04EC0-301F-11D3-BF4B-00C04F79EFBC}") = "NServiceBus.Persistense.Tests", "NServiceBus.Perssistense.Tests\NServiceBus.Persistense.Tests.csproj", "{23764A51-BE62-4279-A400-624F35341C8B}"
EndProject
Project("{FAE04EC0-301F-11D3-BF4B-00C04F79EFBC}") = "TestClient", "TestClient\TestClient.csproj", "{ED8DAAF6-5D27-4B70-A139-C13EA36F4314}"
EndProject
Project("{FAE04EC0-301F-11D3-BF4B-00C04F79EFBC}") = "SagaHost", "SagaHost\SagaHost.csproj", "{8BD5E454-D08D-4161-ADF4-7DABA8339D9B}"
EndProject
Global
	GlobalSection(SolutionConfigurationPlatforms) = preSolution
		Debug|Any CPU = Debug|Any CPU
		Release|Any CPU = Release|Any CPU
	EndGlobalSection
	GlobalSection(ProjectConfigurationPlatforms) = postSolution
		{132AC667-77D3-4B1B-BDBA-CEEDF8AAFF56}.Debug|Any CPU.ActiveCfg = Debug|Any CPU
		{132AC667-77D3-4B1B-BDBA-CEEDF8AAFF56}.Debug|Any CPU.Build.0 = Debug|Any CPU
		{132AC667-77D3-4B1B-BDBA-CEEDF8AAFF56}.Release|Any CPU.ActiveCfg = Release|Any CPU
		{132AC667-77D3-4B1B-BDBA-CEEDF8AAFF56}.Release|Any CPU.Build.0 = Release|Any CPU
		{23764A51-BE62-4279-A400-624F35341C8B}.Debug|Any CPU.ActiveCfg = Debug|Any CPU
		{23764A51-BE62-4279-A400-624F35341C8B}.Debug|Any CPU.Build.0 = Debug|Any CPU
		{23764A51-BE62-4279-A400-624F35341C8B}.Release|Any CPU.ActiveCfg = Release|Any CPU
		{23764A51-BE62-4279-A400-624F35341C8B}.Release|Any CPU.Build.0 = Release|Any CPU
		{ED8DAAF6-5D27-4B70-A139-C13EA36F4314}.Debug|Any CPU.ActiveCfg = Debug|Any CPU
		{ED8DAAF6-5D27-4B70-A139-C13EA36F4314}.Debug|Any CPU.Build.0 = Debug|Any CPU
		{ED8DAAF6-5D27-4B70-A139-C13EA36F4314}.Release|Any CPU.ActiveCfg = Release|Any CPU
		{ED8DAAF6-5D27-4B70-A139-C13EA36F4314}.Release|Any CPU.Build.0 = Release|Any CPU
		{8BD5E454-D08D-4161-ADF4-7DABA8339D9B}.Debug|Any CPU.ActiveCfg = Debug|Any CPU
		{8BD5E454-D08D-4161-ADF4-7DABA8339D9B}.Debug|Any CPU.Build.0 = Debug|Any CPU
		{8BD5E454-D08D-4161-ADF4-7DABA8339D9B}.Release|Any CPU.ActiveCfg = Release|Any CPU
		{8BD5E454-D08D-4161-ADF4-7DABA8339D9B}.Release|Any CPU.Build.0 = Release|Any CPU
	EndGlobalSection
	GlobalSection(SolutionProperties) = preSolution
		HideSolutionNode = FALSE
	EndGlobalSection
EndGlobal
